
Microsoft Visual Studio Solution File, Format Version 12.00
# Visual Studio Version 17
VisualStudioVersion = 17.7.34031.279
MinimumVisualStudioVersion = 10.0.40219.1
Project("{FAE04EC0-301F-11D3-BF4B-00C04F79EFBC}") = "Car_Park_Interfaces2", "Car_Park_Interfaces2.csproj", "{7A526550-DCBB-455D-B4D9-C879F27FDCA0}"
EndProject
Global
	GlobalSection(SolutionConfigurationPlatforms) = preSolution
		Debug|Any CPU = Debug|Any CPU
		Release|Any CPU = Release|Any CPU
	EndGlobalSection
	GlobalSection(ProjectConfigurationPlatforms) = postSolution
		{7A526550-DCBB-455D-B4D9-C879F27FDCA0}.Debug|Any CPU.ActiveCfg = Debug|Any CPU
		{7A526550-DCBB-455D-B4D9-C879F27FDCA0}.Debug|Any CPU.Build.0 = Debug|Any CPU
		{7A526550-DCBB-455D-B4D9-C879F27FDCA0}.Release|Any CPU.ActiveCfg = Release|Any CPU
		{7A526550-DCBB-455D-B4D9-C879F27FDCA0}.Release|Any CPU.Build.0 = Release|Any CPU
	EndGlobalSection
	GlobalSection(SolutionProperties) = preSolution
		HideSolutionNode = FALSE
	EndGlobalSection
	GlobalSection(ExtensibilityGlobals) = postSolution
		SolutionGuid = {288BF7D2-7C45-4C75-8F84-87F2F8EFCFD3}
	EndGlobalSection
EndGlobal
