
Microsoft Visual Studio Solution File, Format Version 12.00
# Visual Studio Version 17
VisualStudioVersion = 17.7.34031.279
MinimumVisualStudioVersion = 10.0.40219.1
Project("{8BC9CEB8-8B4A-11D0-8D11-00A0C91BC942}") = "Algo2_DoublyLinkedList", "Algo2_DoublyLinkedList.vcxproj", "{82CBC5BC-DBFC-4439-A4BB-F53EC483ACA4}"
EndProject
Global
	GlobalSection(SolutionConfigurationPlatforms) = preSolution
		Debug|x64 = Debug|x64
		Debug|x86 = Debug|x86
		Release|x64 = Release|x64
		Release|x86 = Release|x86
	EndGlobalSection
	GlobalSection(ProjectConfigurationPlatforms) = postSolution
		{82CBC5BC-DBFC-4439-A4BB-F53EC483ACA4}.Debug|x64.ActiveCfg = Debug|x64
		{82CBC5BC-DBFC-4439-A4BB-F53EC483ACA4}.Debug|x64.Build.0 = Debug|x64
		{82CBC5BC-DBFC-4439-A4BB-F53EC483ACA4}.Debug|x86.ActiveCfg = Debug|Win32
		{82CBC5BC-DBFC-4439-A4BB-F53EC483ACA4}.Debug|x86.Build.0 = Debug|Win32
		{82CBC5BC-DBFC-4439-A4BB-F53EC483ACA4}.Release|x64.ActiveCfg = Release|x64
		{82CBC5BC-DBFC-4439-A4BB-F53EC483ACA4}.Release|x64.Build.0 = Release|x64
		{82CBC5BC-DBFC-4439-A4BB-F53EC483ACA4}.Release|x86.ActiveCfg = Release|Win32
		{82CBC5BC-DBFC-4439-A4BB-F53EC483ACA4}.Release|x86.Build.0 = Release|Win32
	EndGlobalSection
	GlobalSection(SolutionProperties) = preSolution
		HideSolutionNode = FALSE
	EndGlobalSection
	GlobalSection(ExtensibilityGlobals) = postSolution
		SolutionGuid = {C648E1C9-CD77-47CC-B680-21BCDAE6B930}
	EndGlobalSection
EndGlobal
